
Microsoft Visual Studio Solution File, Format Version 12.00
Project("{2150E333-8FDC-42A3-9474-1A3956D46DE8}") = "API", "API", "{40554912-D42B-468A-94C9-16862B30DCD7}"
EndProject
Project("{2150E333-8FDC-42A3-9474-1A3956D46DE8}") = "Core", "Core", "{20035995-A7B5-44E6-9279-7ED0B1DB70B8}"
EndProject
Project("{2150E333-8FDC-42A3-9474-1A3956D46DE8}") = "Infrastructure", "Infrastructure", "{1D6D20CB-46D9-49A7-87A6-2306AF43BC53}"
EndProject
Project("{2150E333-8FDC-42A3-9474-1A3956D46DE8}") = "Tests", "Tests", "{46DADD46-1DED-4C6D-9B28-9A960A6F3E0F}"
EndProject
Project("{FAE04EC0-301F-11D3-BF4B-00C04F79EFBC}") = "CleanTeeth.Domain", "CleanTeeth.Domain\CleanTeeth.Domain.csproj", "{FFF2DC42-29A3-4D6E-BDFA-69402F54058F}"
EndProject
Project("{FAE04EC0-301F-11D3-BF4B-00C04F79EFBC}") = "CleanTeeth.UnitTests", "CleanTeeth.UnitTests\CleanTeeth.UnitTests.csproj", "{8B29528E-4C4D-4C2A-9BFD-4198D5FFA502}"
EndProject
Project("{FAE04EC0-301F-11D3-BF4B-00C04F79EFBC}") = "CleanTeeth.Application", "CleanTeeth.Application\CleanTeeth.Application.csproj", "{9CC9779E-7535-41A6-A76F-D5A3DD90BEB7}"
EndProject
Project("{FAE04EC0-301F-11D3-BF4B-00C04F79EFBC}") = "CleanTeeth.Persistence", "CleanTeeth.Persistence\CleanTeeth.Persistence.csproj", "{EEF74CCC-74FC-4FFB-96DD-4BAB383C92E0}"
EndProject
Project("{FAE04EC0-301F-11D3-BF4B-00C04F79EFBC}") = "CleanTeeth.API", "CleanTeeth.API\CleanTeeth.API.csproj", "{4FDFB570-C489-4AF1-8BE8-B2EA293CF2C9}"
EndProject
Project("{FAE04EC0-301F-11D3-BF4B-00C04F79EFBC}") = "CleanTeeth.IntegrationTests", "CleanTeeth.IntegrationTests\CleanTeeth.IntegrationTests.csproj", "{2E375E3F-329C-4226-B791-A58DF5D7A2ED}"
EndProject
Project("{FAE04EC0-301F-11D3-BF4B-00C04F79EFBC}") = "CleanTeeth.ArchiTests", "CleanTeeth.ArchiTests\CleanTeeth.ArchiTests.csproj", "{D023A627-5AA8-4994-88C1-C5183C033731}"
EndProject
Global
	GlobalSection(SolutionConfigurationPlatforms) = preSolution
		Debug|Any CPU = Debug|Any CPU
		Release|Any CPU = Release|Any CPU
	EndGlobalSection
	GlobalSection(NestedProjects) = preSolution
		{FFF2DC42-29A3-4D6E-BDFA-69402F54058F} = {20035995-A7B5-44E6-9279-7ED0B1DB70B8}
		{8B29528E-4C4D-4C2A-9BFD-4198D5FFA502} = {46DADD46-1DED-4C6D-9B28-9A960A6F3E0F}
		{9CC9779E-7535-41A6-A76F-D5A3DD90BEB7} = {20035995-A7B5-44E6-9279-7ED0B1DB70B8}
		{EEF74CCC-74FC-4FFB-96DD-4BAB383C92E0} = {1D6D20CB-46D9-49A7-87A6-2306AF43BC53}
		{4FDFB570-C489-4AF1-8BE8-B2EA293CF2C9} = {40554912-D42B-468A-94C9-16862B30DCD7}
		{2E375E3F-329C-4226-B791-A58DF5D7A2ED} = {46DADD46-1DED-4C6D-9B28-9A960A6F3E0F}
		{D023A627-5AA8-4994-88C1-C5183C033731} = {46DADD46-1DED-4C6D-9B28-9A960A6F3E0F}
	EndGlobalSection
	GlobalSection(ProjectConfigurationPlatforms) = postSolution
		{FFF2DC42-29A3-4D6E-BDFA-69402F54058F}.Debug|Any CPU.ActiveCfg = Debug|Any CPU
		{FFF2DC42-29A3-4D6E-BDFA-69402F54058F}.Debug|Any CPU.Build.0 = Debug|Any CPU
		{FFF2DC42-29A3-4D6E-BDFA-69402F54058F}.Release|Any CPU.ActiveCfg = Release|Any CPU
		{FFF2DC42-29A3-4D6E-BDFA-69402F54058F}.Release|Any CPU.Build.0 = Release|Any CPU
		{8B29528E-4C4D-4C2A-9BFD-4198D5FFA502}.Debug|Any CPU.ActiveCfg = Debug|Any CPU
		{8B29528E-4C4D-4C2A-9BFD-4198D5FFA502}.Debug|Any CPU.Build.0 = Debug|Any CPU
		{8B29528E-4C4D-4C2A-9BFD-4198D5FFA502}.Release|Any CPU.ActiveCfg = Release|Any CPU
		{8B29528E-4C4D-4C2A-9BFD-4198D5FFA502}.Release|Any CPU.Build.0 = Release|Any CPU
		{9CC9779E-7535-41A6-A76F-D5A3DD90BEB7}.Debug|Any CPU.ActiveCfg = Debug|Any CPU
		{9CC9779E-7535-41A6-A76F-D5A3DD90BEB7}.Debug|Any CPU.Build.0 = Debug|Any CPU
		{9CC9779E-7535-41A6-A76F-D5A3DD90BEB7}.Release|Any CPU.ActiveCfg = Release|Any CPU
		{9CC9779E-7535-41A6-A76F-D5A3DD90BEB7}.Release|Any CPU.Build.0 = Release|Any CPU
		{EEF74CCC-74FC-4FFB-96DD-4BAB383C92E0}.Debug|Any CPU.ActiveCfg = Debug|Any CPU
		{EEF74CCC-74FC-4FFB-96DD-4BAB383C92E0}.Debug|Any CPU.Build.0 = Debug|Any CPU
		{EEF74CCC-74FC-4FFB-96DD-4BAB383C92E0}.Release|Any CPU.ActiveCfg = Release|Any CPU
		{EEF74CCC-74FC-4FFB-96DD-4BAB383C92E0}.Release|Any CPU.Build.0 = Release|Any CPU
		{4FDFB570-C489-4AF1-8BE8-B2EA293CF2C9}.Debug|Any CPU.ActiveCfg = Debug|Any CPU
		{4FDFB570-C489-4AF1-8BE8-B2EA293CF2C9}.Debug|Any CPU.Build.0 = Debug|Any CPU
		{4FDFB570-C489-4AF1-8BE8-B2EA293CF2C9}.Release|Any CPU.ActiveCfg = Release|Any CPU
		{4FDFB570-C489-4AF1-8BE8-B2EA293CF2C9}.Release|Any CPU.Build.0 = Release|Any CPU
		{2E375E3F-329C-4226-B791-A58DF5D7A2ED}.Debug|Any CPU.ActiveCfg = Debug|Any CPU
		{2E375E3F-329C-4226-B791-A58DF5D7A2ED}.Debug|Any CPU.Build.0 = Debug|Any CPU
		{2E375E3F-329C-4226-B791-A58DF5D7A2ED}.Release|Any CPU.ActiveCfg = Release|Any CPU
		{2E375E3F-329C-4226-B791-A58DF5D7A2ED}.Release|Any CPU.Build.0 = Release|Any CPU
		{D023A627-5AA8-4994-88C1-C5183C033731}.Debug|Any CPU.ActiveCfg = Debug|Any CPU
		{D023A627-5AA8-4994-88C1-C5183C033731}.Debug|Any CPU.Build.0 = Debug|Any CPU
		{D023A627-5AA8-4994-88C1-C5183C033731}.Release|Any CPU.ActiveCfg = Release|Any CPU
		{D023A627-5AA8-4994-88C1-C5183C033731}.Release|Any CPU.Build.0 = Release|Any CPU
	EndGlobalSection
EndGlobal
